
Microsoft Visual Studio Solution File, Format Version 12.00
# Visual Studio 14
VisualStudioVersion = 14.0.22310.1
MinimumVisualStudioVersion = 10.0.40219.1
Project("{FAE04EC0-301F-11D3-BF4B-00C04F79EFBC}") = "abc-bank", "abc-bank\abc-bank.csproj", "{C8A5871B-EEFA-49EB-84A0-5B021D13E233}"
EndProject
Project("{FAE04EC0-301F-11D3-BF4B-00C04F79EFBC}") = "abc-bank-tests", "abc-bank-tests\abc-bank-tests.csproj", "{36E8C1E7-37D3-4365-91E5-4FD57A1256BD}"
EndProject
Project("{FAE04EC0-301F-11D3-BF4B-00C04F79EFBC}") = "abc-bank.Accounts.Common", "abc-bank.Accounts.Common\abc-bank.Accounts.Common.csproj", "{AC3BC7A4-DC8A-4B49-99C2-2782CB8B729D}"
EndProject
Project("{FAE04EC0-301F-11D3-BF4B-00C04F79EFBC}") = "abc-bank.Accounts.IService", "abc-banks.Accounts.IService\abc-bank.Accounts.IService.csproj", "{C914F363-943B-47C3-9936-3E045478FBAF}"
EndProject
Project("{FAE04EC0-301F-11D3-BF4B-00C04F79EFBC}") = "abc-bank.Accounts.Service", "abc-banks.Accounts.Service\abc-bank.Accounts.Service.csproj", "{1B8C4152-BB6D-4D08-BB8B-96D66ADC96D4}"
EndProject
Project("{FAE04EC0-301F-11D3-BF4B-00C04F79EFBC}") = "abc-bank-tests.Mocks", "abc-bank-tests.Mocks\abc-bank-tests.Mocks.csproj", "{AF1EA83E-E1E6-4497-A4C5-AA369FCD05B4}"
EndProject
Global
	GlobalSection(SolutionConfigurationPlatforms) = preSolution
		Debug|Any CPU = Debug|Any CPU
		Release|Any CPU = Release|Any CPU
	EndGlobalSection
	GlobalSection(ProjectConfigurationPlatforms) = postSolution
		{C8A5871B-EEFA-49EB-84A0-5B021D13E233}.Debug|Any CPU.ActiveCfg = Debug|Any CPU
		{C8A5871B-EEFA-49EB-84A0-5B021D13E233}.Debug|Any CPU.Build.0 = Debug|Any CPU
		{C8A5871B-EEFA-49EB-84A0-5B021D13E233}.Release|Any CPU.ActiveCfg = Release|Any CPU
		{C8A5871B-EEFA-49EB-84A0-5B021D13E233}.Release|Any CPU.Build.0 = Release|Any CPU
		{36E8C1E7-37D3-4365-91E5-4FD57A1256BD}.Debug|Any CPU.ActiveCfg = Debug|Any CPU
		{36E8C1E7-37D3-4365-91E5-4FD57A1256BD}.Debug|Any CPU.Build.0 = Debug|Any CPU
		{36E8C1E7-37D3-4365-91E5-4FD57A1256BD}.Release|Any CPU.ActiveCfg = Release|Any CPU
		{36E8C1E7-37D3-4365-91E5-4FD57A1256BD}.Release|Any CPU.Build.0 = Release|Any CPU
		{AC3BC7A4-DC8A-4B49-99C2-2782CB8B729D}.Debug|Any CPU.ActiveCfg = Debug|Any CPU
		{AC3BC7A4-DC8A-4B49-99C2-2782CB8B729D}.Debug|Any CPU.Build.0 = Debug|Any CPU
		{AC3BC7A4-DC8A-4B49-99C2-2782CB8B729D}.Release|Any CPU.ActiveCfg = Release|Any CPU
		{AC3BC7A4-DC8A-4B49-99C2-2782CB8B729D}.Release|Any CPU.Build.0 = Release|Any CPU
		{C914F363-943B-47C3-9936-3E045478FBAF}.Debug|Any CPU.ActiveCfg = Debug|Any CPU
		{C914F363-943B-47C3-9936-3E045478FBAF}.Debug|Any CPU.Build.0 = Debug|Any CPU
		{C914F363-943B-47C3-9936-3E045478FBAF}.Release|Any CPU.ActiveCfg = Release|Any CPU
		{C914F363-943B-47C3-9936-3E045478FBAF}.Release|Any CPU.Build.0 = Release|Any CPU
		{1B8C4152-BB6D-4D08-BB8B-96D66ADC96D4}.Debug|Any CPU.ActiveCfg = Debug|Any CPU
		{1B8C4152-BB6D-4D08-BB8B-96D66ADC96D4}.Debug|Any CPU.Build.0 = Debug|Any CPU
		{1B8C4152-BB6D-4D08-BB8B-96D66ADC96D4}.Release|Any CPU.ActiveCfg = Release|Any CPU
		{1B8C4152-BB6D-4D08-BB8B-96D66ADC96D4}.Release|Any CPU.Build.0 = Release|Any CPU
		{AF1EA83E-E1E6-4497-A4C5-AA369FCD05B4}.Debug|Any CPU.ActiveCfg = Debug|Any CPU
		{AF1EA83E-E1E6-4497-A4C5-AA369FCD05B4}.Debug|Any CPU.Build.0 = Debug|Any CPU
		{AF1EA83E-E1E6-4497-A4C5-AA369FCD05B4}.Release|Any CPU.ActiveCfg = Release|Any CPU
		{AF1EA83E-E1E6-4497-A4C5-AA369FCD05B4}.Release|Any CPU.Build.0 = Release|Any CPU
	EndGlobalSection
	GlobalSection(SolutionProperties) = preSolution
		HideSolutionNode = FALSE
	EndGlobalSection
EndGlobal
